// !$*UTF8*$!
{
	archiveVersion = 1;
	classes = {
	};
	objectVersion = 46;
	objects = {

/* Begin PBXBuildFile section */
		27589E2E18ED19AA00BB768B /* Foundation.framework in Frameworks */ = {isa = PBXBuildFile; fileRef = 27589E2D18ED19AA00BB768B /* Foundation.framework */; };
		27589E3018ED19AA00BB768B /* CoreGraphics.framework in Frameworks */ = {isa = PBXBuildFile; fileRef = 27589E2F18ED19AA00BB768B /* CoreGraphics.framework */; };
		27589E3218ED19AA00BB768B /* UIKit.framework in Frameworks */ = {isa = PBXBuildFile; fileRef = 27589E3118ED19AA00BB768B /* UIKit.framework */; };
		27589E3818ED19AA00BB768B /* InfoPlist.strings in Resources */ = {isa = PBXBuildFile; fileRef = 27589E3618ED19AA00BB768B /* InfoPlist.strings */; };
		27589E3A18ED19AA00BB768B /* main.m in Sources */ = {isa = PBXBuildFile; fileRef = 27589E3918ED19AA00BB768B /* main.m */; };
		27589E3E18ED19AA00BB768B /* AppDelegate.m in Sources */ = {isa = PBXBuildFile; fileRef = 27589E3D18ED19AA00BB768B /* AppDelegate.m */; };
		27589E4118ED19AA00BB768B /* Main.storyboard in Resources */ = {isa = PBXBuildFile; fileRef = 27589E3F18ED19AA00BB768B /* Main.storyboard */; };
		27589E4418ED19AA00BB768B /* GameViewController.m in Sources */ = {isa = PBXBuildFile; fileRef = 27589E4318ED19AA00BB768B /* GameViewController.m */; };
		27589E4618ED19AA00BB768B /* Images.xcassets in Resources */ = {isa = PBXBuildFile; fileRef = 27589E4518ED19AA00BB768B /* Images.xcassets */; };
		27589E4D18ED19AA00BB768B /* XCTest.framework in Frameworks */ = {isa = PBXBuildFile; fileRef = 27589E4C18ED19AA00BB768B /* XCTest.framework */; };
		27589E4E18ED19AA00BB768B /* Foundation.framework in Frameworks */ = {isa = PBXBuildFile; fileRef = 27589E2D18ED19AA00BB768B /* Foundation.framework */; };
		27589E4F18ED19AA00BB768B /* UIKit.framework in Frameworks */ = {isa = PBXBuildFile; fileRef = 27589E3118ED19AA00BB768B /* UIKit.framework */; };
		27589E5718ED19AA00BB768B /* InfoPlist.strings in Resources */ = {isa = PBXBuildFile; fileRef = 27589E5518ED19AA00BB768B /* InfoPlist.strings */; };
		27589E5918ED19AA00BB768B /* Reset_MasterTests.m in Sources */ = {isa = PBXBuildFile; fileRef = 27589E5818ED19AA00BB768B /* Reset_MasterTests.m */; };
		27589E6318ED1A9300BB768B /* woodbg@2x.jpg in Resources */ = {isa = PBXBuildFile; fileRef = 27589E6218ED1A9300BB768B /* woodbg@2x.jpg */; };
		27589E6518ED1E9F00BB768B /* bg1.jpg in Resources */ = {isa = PBXBuildFile; fileRef = 27589E6418ED1E9F00BB768B /* bg1.jpg */; };
		27589E6818EE20CC00BB768B /* ShapeView.m in Sources */ = {isa = PBXBuildFile; fileRef = 27589E6718EE20CC00BB768B /* ShapeView.m */; };
		27589E6E18EE210B00BB768B /* SetCard.m in Sources */ = {isa = PBXBuildFile; fileRef = 27589E6D18EE210B00BB768B /* SetCard.m */; };
		27589E7118EE30E900BB768B /* CardView.m in Sources */ = {isa = PBXBuildFile; fileRef = 27589E7018EE30E900BB768B /* CardView.m */; };
		27589E7418EE6F4A00BB768B /* SetGameModel.m in Sources */ = {isa = PBXBuildFile; fileRef = 27589E7318EE6F4A00BB768B /* SetGameModel.m */; };
		27589E7A18EE795A00BB768B /* CardCell.m in Sources */ = {isa = PBXBuildFile; fileRef = 27589E7918EE795A00BB768B /* CardCell.m */; };
		276D8C0518F8C0AD0016E263 /* MenuViewController.m in Sources */ = {isa = PBXBuildFile; fileRef = 276D8C0418F8C0AD0016E263 /* MenuViewController.m */; };
		276D8C0818F8CCA60016E263 /* FooterCell.m in Sources */ = {isa = PBXBuildFile; fileRef = 276D8C0718F8CCA60016E263 /* FooterCell.m */; };
		276D8C0B18F910550016E263 /* SetTableViewCell.m in Sources */ = {isa = PBXBuildFile; fileRef = 276D8C0A18F910550016E263 /* SetTableViewCell.m */; };
		276D8C0F18FE633F0016E263 /* success.m4a in Resources */ = {isa = PBXBuildFile; fileRef = 276D8C0E18FE633F0016E263 /* success.m4a */; };
		276D8C1118FF84770016E263 /* HeaderView.xib in Resources */ = {isa = PBXBuildFile; fileRef = 276D8C1018FF84770016E263 /* HeaderView.xib */; };
		276D8C1418FF89240016E263 /* LearnTableViewController.m in Sources */ = {isa = PBXBuildFile; fileRef = 276D8C1318FF89240016E263 /* LearnTableViewController.m */; };
		27AFFF6218F6488500F895F1 /* select.wav in Resources */ = {isa = PBXBuildFile; fileRef = 27AFFF6118F6488500F895F1 /* select.wav */; };
		27AFFF6418F648C500F895F1 /* AVFoundation.framework in Frameworks */ = {isa = PBXBuildFile; fileRef = 27AFFF6318F648C500F895F1 /* AVFoundation.framework */; };
		27AFFF6618F64A5E00F895F1 /* select2.wav in Resources */ = {isa = PBXBuildFile; fileRef = 27AFFF6518F64A5E00F895F1 /* select2.wav */; };
		27AFFF6818F64C9100F895F1 /* select2.m4a in Resources */ = {isa = PBXBuildFile; fileRef = 27AFFF6718F64B0800F895F1 /* select2.m4a */; };
		27AFFF7018F6553900F895F1 /* select3.mp3 in Resources */ = {isa = PBXBuildFile; fileRef = 27AFFF6F18F6553900F895F1 /* select3.mp3 */; };
		27AFFF7218F6566100F895F1 /* select3.mov in Resources */ = {isa = PBXBuildFile; fileRef = 27AFFF7118F6566100F895F1 /* select3.mov */; };
		27AFFF7418F656A900F895F1 /* select4.mp3 in Resources */ = {isa = PBXBuildFile; fileRef = 27AFFF7318F656A900F895F1 /* select4.mp3 */; };
		27AFFF7718F658C900F895F1 /* PauseMenuTableViewController.m in Sources */ = {isa = PBXBuildFile; fileRef = 27AFFF7618F658C900F895F1 /* PauseMenuTableViewController.m */; };
		27AFFF7F18F8BDA300F895F1 /* cards2@2x.png in Resources */ = {isa = PBXBuildFile; fileRef = 27AFFF7E18F8BDA300F895F1 /* cards2@2x.png */; };
/* End PBXBuildFile section */

/* Begin PBXContainerItemProxy section */
		27589E5018ED19AA00BB768B /* PBXContainerItemProxy */ = {
			isa = PBXContainerItemProxy;
			containerPortal = 27589E2218ED19AA00BB768B /* Project object */;
			proxyType = 1;
			remoteGlobalIDString = 27589E2918ED19AA00BB768B;
			remoteInfo = "Reset Master";
		};
/* End PBXContainerItemProxy section */

/* Begin PBXFileReference section */
		27589E2A18ED19AA00BB768B /* Reset Master.app */ = {isa = PBXFileReference; explicitFileType = wrapper.application; includeInIndex = 0; path = "Reset Master.app"; sourceTree = BUILT_PRODUCTS_DIR; };
		27589E2D18ED19AA00BB768B /* Foundation.framework */ = {isa = PBXFileReference; lastKnownFileType = wrapper.framework; name = Foundation.framework; path = System/Library/Frameworks/Foundation.framework; sourceTree = SDKROOT; };
		27589E2F18ED19AA00BB768B /* CoreGraphics.framework */ = {isa = PBXFileReference; lastKnownFileType = wrapper.framework; name = CoreGraphics.framework; path = System/Library/Frameworks/CoreGraphics.framework; sourceTree = SDKROOT; };
		27589E3118ED19AA00BB768B /* UIKit.framework */ = {isa = PBXFileReference; lastKnownFileType = wrapper.framework; name = UIKit.framework; path = System/Library/Frameworks/UIKit.framework; sourceTree = SDKROOT; };
		27589E3518ED19AA00BB768B /* Reset Master-Info.plist */ = {isa = PBXFileReference; lastKnownFileType = text.plist.xml; path = "Reset Master-Info.plist"; sourceTree = "<group>"; };
		27589E3718ED19AA00BB768B /* en */ = {isa = PBXFileReference; lastKnownFileType = text.plist.strings; name = en; path = en.lproj/InfoPlist.strings; sourceTree = "<group>"; };
		27589E3918ED19AA00BB768B /* main.m */ = {isa = PBXFileReference; lastKnownFileType = sourcecode.c.objc; path = main.m; sourceTree = "<group>"; };
		27589E3B18ED19AA00BB768B /* Reset Master-Prefix.pch */ = {isa = PBXFileReference; lastKnownFileType = sourcecode.c.h; path = "Reset Master-Prefix.pch"; sourceTree = "<group>"; };
		27589E3C18ED19AA00BB768B /* AppDelegate.h */ = {isa = PBXFileReference; lastKnownFileType = sourcecode.c.h; path = AppDelegate.h; sourceTree = "<group>"; };
		27589E3D18ED19AA00BB768B /* AppDelegate.m */ = {isa = PBXFileReference; lastKnownFileType = sourcecode.c.objc; path = AppDelegate.m; sourceTree = "<group>"; };
		27589E4018ED19AA00BB768B /* Base */ = {isa = PBXFileReference; lastKnownFileType = file.storyboard; name = Base; path = Base.lproj/Main.storyboard; sourceTree = "<group>"; };
		27589E4218ED19AA00BB768B /* GameViewController.h */ = {isa = PBXFileReference; lastKnownFileType = sourcecode.c.h; path = GameViewController.h; sourceTree = "<group>"; };
		27589E4318ED19AA00BB768B /* GameViewController.m */ = {isa = PBXFileReference; lastKnownFileType = sourcecode.c.objc; path = GameViewController.m; sourceTree = "<group>"; };
		27589E4518ED19AA00BB768B /* Images.xcassets */ = {isa = PBXFileReference; lastKnownFileType = folder.assetcatalog; path = Images.xcassets; sourceTree = "<group>"; };
		27589E4B18ED19AA00BB768B /* Reset MasterTests.xctest */ = {isa = PBXFileReference; explicitFileType = wrapper.cfbundle; includeInIndex = 0; path = "Reset MasterTests.xctest"; sourceTree = BUILT_PRODUCTS_DIR; };
		27589E4C18ED19AA00BB768B /* XCTest.framework */ = {isa = PBXFileReference; lastKnownFileType = wrapper.framework; name = XCTest.framework; path = Library/Frameworks/XCTest.framework; sourceTree = DEVELOPER_DIR; };
		27589E5418ED19AA00BB768B /* Reset MasterTests-Info.plist */ = {isa = PBXFileReference; lastKnownFileType = text.plist.xml; path = "Reset MasterTests-Info.plist"; sourceTree = "<group>"; };
		27589E5618ED19AA00BB768B /* en */ = {isa = PBXFileReference; lastKnownFileType = text.plist.strings; name = en; path = en.lproj/InfoPlist.strings; sourceTree = "<group>"; };
		27589E5818ED19AA00BB768B /* Reset_MasterTests.m */ = {isa = PBXFileReference; lastKnownFileType = sourcecode.c.objc; path = Reset_MasterTests.m; sourceTree = "<group>"; };
		27589E6218ED1A9300BB768B /* woodbg@2x.jpg */ = {isa = PBXFileReference; lastKnownFileType = image.jpeg; path = "woodbg@2x.jpg"; sourceTree = "<group>"; };
		27589E6418ED1E9F00BB768B /* bg1.jpg */ = {isa = PBXFileReference; lastKnownFileType = image.jpeg; path = bg1.jpg; sourceTree = "<group>"; };
		27589E6618EE20CC00BB768B /* ShapeView.h */ = {isa = PBXFileReference; fileEncoding = 4; lastKnownFileType = sourcecode.c.h; path = ShapeView.h; sourceTree = "<group>"; };
		27589E6718EE20CC00BB768B /* ShapeView.m */ = {isa = PBXFileReference; fileEncoding = 4; lastKnownFileType = sourcecode.c.objc; path = ShapeView.m; sourceTree = "<group>"; };
		27589E6C18EE210B00BB768B /* SetCard.h */ = {isa = PBXFileReference; fileEncoding = 4; lastKnownFileType = sourcecode.c.h; path = SetCard.h; sourceTree = "<group>"; };
		27589E6D18EE210B00BB768B /* SetCard.m */ = {isa = PBXFileReference; fileEncoding = 4; lastKnownFileType = sourcecode.c.objc; path = SetCard.m; sourceTree = "<group>"; };
		27589E6F18EE30E900BB768B /* CardView.h */ = {isa = PBXFileReference; fileEncoding = 4; lastKnownFileType = sourcecode.c.h; path = CardView.h; sourceTree = "<group>"; };
		27589E7018EE30E900BB768B /* CardView.m */ = {isa = PBXFileReference; fileEncoding = 4; lastKnownFileType = sourcecode.c.objc; path = CardView.m; sourceTree = "<group>"; };
		27589E7218EE6F4A00BB768B /* SetGameModel.h */ = {isa = PBXFileReference; fileEncoding = 4; lastKnownFileType = sourcecode.c.h; path = SetGameModel.h; sourceTree = "<group>"; };
		27589E7318EE6F4A00BB768B /* SetGameModel.m */ = {isa = PBXFileReference; fileEncoding = 4; lastKnownFileType = sourcecode.c.objc; path = SetGameModel.m; sourceTree = "<group>"; };
		27589E7818EE795A00BB768B /* CardCell.h */ = {isa = PBXFileReference; fileEncoding = 4; lastKnownFileType = sourcecode.c.h; path = CardCell.h; sourceTree = "<group>"; };
		27589E7918EE795A00BB768B /* CardCell.m */ = {isa = PBXFileReference; fileEncoding = 4; lastKnownFileType = sourcecode.c.objc; path = CardCell.m; sourceTree = "<group>"; };
		276D8C0318F8C0AD0016E263 /* MenuViewController.h */ = {isa = PBXFileReference; fileEncoding = 4; lastKnownFileType = sourcecode.c.h; path = MenuViewController.h; sourceTree = "<group>"; };
		276D8C0418F8C0AD0016E263 /* MenuViewController.m */ = {isa = PBXFileReference; fileEncoding = 4; lastKnownFileType = sourcecode.c.objc; path = MenuViewController.m; sourceTree = "<group>"; };
		276D8C0618F8CCA60016E263 /* FooterCell.h */ = {isa = PBXFileReference; fileEncoding = 4; lastKnownFileType = sourcecode.c.h; path = FooterCell.h; sourceTree = "<group>"; };
		276D8C0718F8CCA60016E263 /* FooterCell.m */ = {isa = PBXFileReference; fileEncoding = 4; lastKnownFileType = sourcecode.c.objc; path = FooterCell.m; sourceTree = "<group>"; };
		276D8C0918F910550016E263 /* SetTableViewCell.h */ = {isa = PBXFileReference; fileEncoding = 4; lastKnownFileType = sourcecode.c.h; path = SetTableViewCell.h; sourceTree = "<group>"; };
		276D8C0A18F910550016E263 /* SetTableViewCell.m */ = {isa = PBXFileReference; fileEncoding = 4; lastKnownFileType = sourcecode.c.objc; path = SetTableViewCell.m; sourceTree = "<group>"; };
		276D8C0E18FE633F0016E263 /* success.m4a */ = {isa = PBXFileReference; lastKnownFileType = file; path = success.m4a; sourceTree = "<group>"; };
		276D8C1018FF84770016E263 /* HeaderView.xib */ = {isa = PBXFileReference; fileEncoding = 4; lastKnownFileType = file.xib; path = HeaderView.xib; sourceTree = "<group>"; };
		276D8C1218FF89240016E263 /* LearnTableViewController.h */ = {isa = PBXFileReference; fileEncoding = 4; lastKnownFileType = sourcecode.c.h; path = LearnTableViewController.h; sourceTree = "<group>"; };
		276D8C1318FF89240016E263 /* LearnTableViewController.m */ = {isa = PBXFileReference; fileEncoding = 4; lastKnownFileType = sourcecode.c.objc; path = LearnTableViewController.m; sourceTree = "<group>"; };
		27AFFF6118F6488500F895F1 /* select.wav */ = {isa = PBXFileReference; lastKnownFileType = audio.wav; path = select.wav; sourceTree = "<group>"; };
		27AFFF6318F648C500F895F1 /* AVFoundation.framework */ = {isa = PBXFileReference; lastKnownFileType = wrapper.framework; name = AVFoundation.framework; path = System/Library/Frameworks/AVFoundation.framework; sourceTree = SDKROOT; };
		27AFFF6518F64A5E00F895F1 /* select2.wav */ = {isa = PBXFileReference; lastKnownFileType = audio.wav; path = select2.wav; sourceTree = "<group>"; };
		27AFFF6718F64B0800F895F1 /* select2.m4a */ = {isa = PBXFileReference; lastKnownFileType = file; path = select2.m4a; sourceTree = "<group>"; };
		27AFFF6F18F6553900F895F1 /* select3.mp3 */ = {isa = PBXFileReference; lastKnownFileType = audio.mp3; path = select3.mp3; sourceTree = "<group>"; };
		27AFFF7118F6566100F895F1 /* select3.mov */ = {isa = PBXFileReference; lastKnownFileType = video.quicktime; path = select3.mov; sourceTree = "<group>"; };
		27AFFF7318F656A900F895F1 /* select4.mp3 */ = {isa = PBXFileReference; lastKnownFileType = audio.mp3; path = select4.mp3; sourceTree = "<group>"; };
		27AFFF7518F658C900F895F1 /* PauseMenuTableViewController.h */ = {isa = PBXFileReference; fileEncoding = 4; lastKnownFileType = sourcecode.c.h; path = PauseMenuTableViewController.h; sourceTree = "<group>"; };
		27AFFF7618F658C900F895F1 /* PauseMenuTableViewController.m */ = {isa = PBXFileReference; fileEncoding = 4; lastKnownFileType = sourcecode.c.objc; path = PauseMenuTableViewController.m; sourceTree = "<group>"; };
		27AFFF7E18F8BDA300F895F1 /* cards2@2x.png */ = {isa = PBXFileReference; lastKnownFileType = image.png; path = "cards2@2x.png"; sourceTree = "<group>"; };
/* End PBXFileReference section */

/* Begin PBXFrameworksBuildPhase section */
		27589E2718ED19AA00BB768B /* Frameworks */ = {
			isa = PBXFrameworksBuildPhase;
			buildActionMask = 2147483647;
			files = (
				27AFFF6418F648C500F895F1 /* AVFoundation.framework in Frameworks */,
				27589E3018ED19AA00BB768B /* CoreGraphics.framework in Frameworks */,
				27589E3218ED19AA00BB768B /* UIKit.framework in Frameworks */,
				27589E2E18ED19AA00BB768B /* Foundation.framework in Frameworks */,
			);
			runOnlyForDeploymentPostprocessing = 0;
		};
		27589E4818ED19AA00BB768B /* Frameworks */ = {
			isa = PBXFrameworksBuildPhase;
			buildActionMask = 2147483647;
			files = (
				27589E4D18ED19AA00BB768B /* XCTest.framework in Frameworks */,
				27589E4F18ED19AA00BB768B /* UIKit.framework in Frameworks */,
				27589E4E18ED19AA00BB768B /* Foundation.framework in Frameworks */,
			);
			runOnlyForDeploymentPostprocessing = 0;
		};
/* End PBXFrameworksBuildPhase section */

/* Begin PBXGroup section */
		27589E2118ED19AA00BB768B = {
			isa = PBXGroup;
			children = (
				27589E3318ED19AA00BB768B /* Reset Master */,
				27589E5218ED19AA00BB768B /* Reset MasterTests */,
				27589E2C18ED19AA00BB768B /* Frameworks */,
				27589E2B18ED19AA00BB768B /* Products */,
			);
			sourceTree = "<group>";
		};
		27589E2B18ED19AA00BB768B /* Products */ = {
			isa = PBXGroup;
			children = (
				27589E2A18ED19AA00BB768B /* Reset Master.app */,
				27589E4B18ED19AA00BB768B /* Reset MasterTests.xctest */,
			);
			name = Products;
			sourceTree = "<group>";
		};
		27589E2C18ED19AA00BB768B /* Frameworks */ = {
			isa = PBXGroup;
			children = (
				27AFFF6318F648C500F895F1 /* AVFoundation.framework */,
				27589E2D18ED19AA00BB768B /* Foundation.framework */,
				27589E2F18ED19AA00BB768B /* CoreGraphics.framework */,
				27589E3118ED19AA00BB768B /* UIKit.framework */,
				27589E4C18ED19AA00BB768B /* XCTest.framework */,
			);
			name = Frameworks;
			sourceTree = "<group>";
		};
		27589E3318ED19AA00BB768B /* Reset Master */ = {
			isa = PBXGroup;
			children = (
				27589E3C18ED19AA00BB768B /* AppDelegate.h */,
				27589E3D18ED19AA00BB768B /* AppDelegate.m */,
				27589E3F18ED19AA00BB768B /* Main.storyboard */,
				276D8C1218FF89240016E263 /* LearnTableViewController.h */,
				276D8C1318FF89240016E263 /* LearnTableViewController.m */,
				276D8C0918F910550016E263 /* SetTableViewCell.h */,
				276D8C0A18F910550016E263 /* SetTableViewCell.m */,
				276D8C0618F8CCA60016E263 /* FooterCell.h */,
				276D8C0718F8CCA60016E263 /* FooterCell.m */,
				276D8C0318F8C0AD0016E263 /* MenuViewController.h */,
				276D8C0418F8C0AD0016E263 /* MenuViewController.m */,
				27589E4218ED19AA00BB768B /* GameViewController.h */,
				27589E4318ED19AA00BB768B /* GameViewController.m */,
				27AFFF7518F658C900F895F1 /* PauseMenuTableViewController.h */,
				27AFFF7618F658C900F895F1 /* PauseMenuTableViewController.m */,
				276D8C1018FF84770016E263 /* HeaderView.xib */,
				27589E7818EE795A00BB768B /* CardCell.h */,
				27589E7918EE795A00BB768B /* CardCell.m */,
				27589E6F18EE30E900BB768B /* CardView.h */,
				27589E7018EE30E900BB768B /* CardView.m */,
				27589E6618EE20CC00BB768B /* ShapeView.h */,
				27589E6718EE20CC00BB768B /* ShapeView.m */,
				27589E6C18EE210B00BB768B /* SetCard.h */,
				27589E6D18EE210B00BB768B /* SetCard.m */,
				27589E7218EE6F4A00BB768B /* SetGameModel.h */,
				27589E7318EE6F4A00BB768B /* SetGameModel.m */,
				27589E4518ED19AA00BB768B /* Images.xcassets */,
				27589E3418ED19AA00BB768B /* Supporting Files */,
			);
			path = "Reset Master";
			sourceTree = "<group>";
		};
		27589E3418ED19AA00BB768B /* Supporting Files */ = {
			isa = PBXGroup;
			children = (
				27AFFF7E18F8BDA300F895F1 /* cards2@2x.png */,
				276D8C0E18FE633F0016E263 /* success.m4a */,
				27AFFF7318F656A900F895F1 /* select4.mp3 */,
				27AFFF6118F6488500F895F1 /* select.wav */,
				27AFFF7118F6566100F895F1 /* select3.mov */,
				27AFFF6518F64A5E00F895F1 /* select2.wav */,
				27AFFF6718F64B0800F895F1 /* select2.m4a */,
				27AFFF6F18F6553900F895F1 /* select3.mp3 */,
				27589E6418ED1E9F00BB768B /* bg1.jpg */,
				27589E6218ED1A9300BB768B /* woodbg@2x.jpg */,
				27589E3518ED19AA00BB768B /* Reset Master-Info.plist */,
				27589E3618ED19AA00BB768B /* InfoPlist.strings */,
				27589E3918ED19AA00BB768B /* main.m */,
				27589E3B18ED19AA00BB768B /* Reset Master-Prefix.pch */,
			);
			name = "Supporting Files";
			sourceTree = "<group>";
		};
		27589E5218ED19AA00BB768B /* Reset MasterTests */ = {
			isa = PBXGroup;
			children = (
				27589E5818ED19AA00BB768B /* Reset_MasterTests.m */,
				27589E5318ED19AA00BB768B /* Supporting Files */,
			);
			path = "Reset MasterTests";
			sourceTree = "<group>";
		};
		27589E5318ED19AA00BB768B /* Supporting Files */ = {
			isa = PBXGroup;
			children = (
				27589E5418ED19AA00BB768B /* Reset MasterTests-Info.plist */,
				27589E5518ED19AA00BB768B /* InfoPlist.strings */,
			);
			name = "Supporting Files";
			sourceTree = "<group>";
		};
/* End PBXGroup section */

/* Begin PBXNativeTarget section */
		27589E2918ED19AA00BB768B /* Reset Master */ = {
			isa = PBXNativeTarget;
			buildConfigurationList = 27589E5C18ED19AA00BB768B /* Build configuration list for PBXNativeTarget "Reset Master" */;
			buildPhases = (
				27589E2618ED19AA00BB768B /* Sources */,
				27589E2718ED19AA00BB768B /* Frameworks */,
				27589E2818ED19AA00BB768B /* Resources */,
			);
			buildRules = (
			);
			dependencies = (
			);
			name = "Reset Master";
			productName = "Reset Master";
			productReference = 27589E2A18ED19AA00BB768B /* Reset Master.app */;
			productType = "com.apple.product-type.application";
		};
		27589E4A18ED19AA00BB768B /* Reset MasterTests */ = {
			isa = PBXNativeTarget;
			buildConfigurationList = 27589E5F18ED19AA00BB768B /* Build configuration list for PBXNativeTarget "Reset MasterTests" */;
			buildPhases = (
				27589E4718ED19AA00BB768B /* Sources */,
				27589E4818ED19AA00BB768B /* Frameworks */,
				27589E4918ED19AA00BB768B /* Resources */,
			);
			buildRules = (
			);
			dependencies = (
				27589E5118ED19AA00BB768B /* PBXTargetDependency */,
			);
			name = "Reset MasterTests";
			productName = "Reset MasterTests";
			productReference = 27589E4B18ED19AA00BB768B /* Reset MasterTests.xctest */;
			productType = "com.apple.product-type.bundle.unit-test";
		};
/* End PBXNativeTarget section */

/* Begin PBXProject section */
		27589E2218ED19AA00BB768B /* Project object */ = {
			isa = PBXProject;
			attributes = {
				LastUpgradeCheck = 0510;
				ORGANIZATIONNAME = "Minh Luu";
				TargetAttributes = {
					27589E4A18ED19AA00BB768B = {
						TestTargetID = 27589E2918ED19AA00BB768B;
					};
				};
			};
			buildConfigurationList = 27589E2518ED19AA00BB768B /* Build configuration list for PBXProject "Reset Master" */;
			compatibilityVersion = "Xcode 3.2";
			developmentRegion = English;
			hasScannedForEncodings = 0;
			knownRegions = (
				en,
				Base,
			);
			mainGroup = 27589E2118ED19AA00BB768B;
			productRefGroup = 27589E2B18ED19AA00BB768B /* Products */;
			projectDirPath = "";
			projectRoot = "";
			targets = (
				27589E2918ED19AA00BB768B /* Reset Master */,
				27589E4A18ED19AA00BB768B /* Reset MasterTests */,
			);
		};
/* End PBXProject section */

/* Begin PBXResourcesBuildPhase section */
		27589E2818ED19AA00BB768B /* Resources */ = {
			isa = PBXResourcesBuildPhase;
			buildActionMask = 2147483647;
			files = (
				27589E6318ED1A9300BB768B /* woodbg@2x.jpg in Resources */,
				27589E4618ED19AA00BB768B /* Images.xcassets in Resources */,
				276D8C1118FF84770016E263 /* HeaderView.xib in Resources */,
				27589E3818ED19AA00BB768B /* InfoPlist.strings in Resources */,
				27AFFF6618F64A5E00F895F1 /* select2.wav in Resources */,
				27AFFF6818F64C9100F895F1 /* select2.m4a in Resources */,
				27AFFF7F18F8BDA300F895F1 /* cards2@2x.png in Resources */,
				27AFFF7418F656A900F895F1 /* select4.mp3 in Resources */,
				27AFFF7218F6566100F895F1 /* select3.mov in Resources */,
				27589E4118ED19AA00BB768B /* Main.storyboard in Resources */,
				27AFFF7018F6553900F895F1 /* select3.mp3 in Resources */,
				276D8C0F18FE633F0016E263 /* success.m4a in Resources */,
				27AFFF6218F6488500F895F1 /* select.wav in Resources */,
				27589E6518ED1E9F00BB768B /* bg1.jpg in Resources */,
			);
			runOnlyForDeploymentPostprocessing = 0;
		};
		27589E4918ED19AA00BB768B /* Resources */ = {
			isa = PBXResourcesBuildPhase;
			buildActionMask = 2147483647;
			files = (
				27589E5718ED19AA00BB768B /* InfoPlist.strings in Resources */,
			);
			runOnlyForDeploymentPostprocessing = 0;
		};
/* End PBXResourcesBuildPhase section */

/* Begin PBXSourcesBuildPhase section */
		27589E2618ED19AA00BB768B /* Sources */ = {
			isa = PBXSourcesBuildPhase;
			buildActionMask = 2147483647;
			files = (
				276D8C0B18F910550016E263 /* SetTableViewCell.m in Sources */,
				27589E7418EE6F4A00BB768B /* SetGameModel.m in Sources */,
				276D8C1418FF89240016E263 /* LearnTableViewController.m in Sources */,
				27589E4418ED19AA00BB768B /* GameViewController.m in Sources */,
				27589E3E18ED19AA00BB768B /* AppDelegate.m in Sources */,
				27AFFF7718F658C900F895F1 /* PauseMenuTableViewController.m in Sources */,
				27589E6E18EE210B00BB768B /* SetCard.m in Sources */,
				27589E6818EE20CC00BB768B /* ShapeView.m in Sources */,
				27589E3A18ED19AA00BB768B /* main.m in Sources */,
				27589E7118EE30E900BB768B /* CardView.m in Sources */,
				27589E7A18EE795A00BB768B /* CardCell.m in Sources */,
				276D8C0818F8CCA60016E263 /* FooterCell.m in Sources */,
				276D8C0518F8C0AD0016E263 /* MenuViewController.m in Sources */,
			);
			runOnlyForDeploymentPostprocessing = 0;
		};
		27589E4718ED19AA00BB768B /* Sources */ = {
			isa = PBXSourcesBuildPhase;
			buildActionMask = 2147483647;
			files = (
				27589E5918ED19AA00BB768B /* Reset_MasterTests.m in Sources */,
			);
			runOnlyForDeploymentPostprocessing = 0;
		};
/* End PBXSourcesBuildPhase section */

/* Begin PBXTargetDependency section */
		27589E5118ED19AA00BB768B /* PBXTargetDependency */ = {
			isa = PBXTargetDependency;
			target = 27589E2918ED19AA00BB768B /* Reset Master */;
			targetProxy = 27589E5018ED19AA00BB768B /* PBXContainerItemProxy */;
		};
/* End PBXTargetDependency section */

/* Begin PBXVariantGroup section */
		27589E3618ED19AA00BB768B /* InfoPlist.strings */ = {
			isa = PBXVariantGroup;
			children = (
				27589E3718ED19AA00BB768B /* en */,
			);
			name = InfoPlist.strings;
			sourceTree = "<group>";
		};
		27589E3F18ED19AA00BB768B /* Main.storyboard */ = {
			isa = PBXVariantGroup;
			children = (
				27589E4018ED19AA00BB768B /* Base */,
			);
			name = Main.storyboard;
			sourceTree = "<group>";
		};
		27589E5518ED19AA00BB768B /* InfoPlist.strings */ = {
			isa = PBXVariantGroup;
			children = (
				27589E5618ED19AA00BB768B /* en */,
			);
			name = InfoPlist.strings;
			sourceTree = "<group>";
		};
/* End PBXVariantGroup section */

/* Begin XCBuildConfiguration section */
		27589E5A18ED19AA00BB768B /* Debug */ = {
			isa = XCBuildConfiguration;
			buildSettings = {
				ALWAYS_SEARCH_USER_PATHS = NO;
				CLANG_CXX_LANGUAGE_STANDARD = "gnu++0x";
				CLANG_CXX_LIBRARY = "libc++";
				CLANG_ENABLE_MODULES = YES;
				CLANG_ENABLE_OBJC_ARC = YES;
				CLANG_WARN_BOOL_CONVERSION = YES;
				CLANG_WARN_CONSTANT_CONVERSION = YES;
				CLANG_WARN_DIRECT_OBJC_ISA_USAGE = YES_ERROR;
				CLANG_WARN_EMPTY_BODY = YES;
				CLANG_WARN_ENUM_CONVERSION = YES;
				CLANG_WARN_INT_CONVERSION = YES;
				CLANG_WARN_OBJC_ROOT_CLASS = YES_ERROR;
				CLANG_WARN__DUPLICATE_METHOD_MATCH = YES;
				"CODE_SIGN_IDENTITY[sdk=iphoneos*]" = "iPhone Developer";
				COPY_PHASE_STRIP = NO;
				GCC_C_LANGUAGE_STANDARD = gnu99;
				GCC_DYNAMIC_NO_PIC = NO;
				GCC_OPTIMIZATION_LEVEL = 0;
				GCC_PREPROCESSOR_DEFINITIONS = (
					"DEBUG=1",
					"$(inherited)",
				);
				GCC_SYMBOLS_PRIVATE_EXTERN = NO;
				GCC_WARN_64_TO_32_BIT_CONVERSION = YES;
				GCC_WARN_ABOUT_RETURN_TYPE = YES_ERROR;
				GCC_WARN_UNDECLARED_SELECTOR = YES;
				GCC_WARN_UNINITIALIZED_AUTOS = YES_AGGRESSIVE;
				GCC_WARN_UNUSED_FUNCTION = YES;
				GCC_WARN_UNUSED_VARIABLE = YES;
				IPHONEOS_DEPLOYMENT_TARGET = 7.1;
				ONLY_ACTIVE_ARCH = YES;
				SDKROOT = iphoneos;
			};
			name = Debug;
		};
		27589E5B18ED19AA00BB768B /* Release */ = {
			isa = XCBuildConfiguration;
			buildSettings = {
				ALWAYS_SEARCH_USER_PATHS = NO;
				CLANG_CXX_LANGUAGE_STANDARD = "gnu++0x";
				CLANG_CXX_LIBRARY = "libc++";
				CLANG_ENABLE_MODULES = YES;
				CLANG_ENABLE_OBJC_ARC = YES;
				CLANG_WARN_BOOL_CONVERSION = YES;
				CLANG_WARN_CONSTANT_CONVERSION = YES;
				CLANG_WARN_DIRECT_OBJC_ISA_USAGE = YES_ERROR;
				CLANG_WARN_EMPTY_BODY = YES;
				CLANG_WARN_ENUM_CONVERSION = YES;
				CLANG_WARN_INT_CONVERSION = YES;
				CLANG_WARN_OBJC_ROOT_CLASS = YES_ERROR;
				CLANG_WARN__DUPLICATE_METHOD_MATCH = YES;
				"CODE_SIGN_IDENTITY[sdk=iphoneos*]" = "iPhone Developer";
				COPY_PHASE_STRIP = YES;
				ENABLE_NS_ASSERTIONS = NO;
				GCC_C_LANGUAGE_STANDARD = gnu99;
				GCC_WARN_64_TO_32_BIT_CONVERSION = YES;
				GCC_WARN_ABOUT_RETURN_TYPE = YES_ERROR;
				GCC_WARN_UNDECLARED_SELECTOR = YES;
				GCC_WARN_UNINITIALIZED_AUTOS = YES_AGGRESSIVE;
				GCC_WARN_UNUSED_FUNCTION = YES;
				GCC_WARN_UNUSED_VARIABLE = YES;
				IPHONEOS_DEPLOYMENT_TARGET = 7.1;
				SDKROOT = iphoneos;
				VALIDATE_PRODUCT = YES;
			};
			name = Release;
		};
		27589E5D18ED19AA00BB768B /* Debug */ = {
			isa = XCBuildConfiguration;
			buildSettings = {
				ASSETCATALOG_COMPILER_APPICON_NAME = AppIcon;
				ASSETCATALOG_COMPILER_LAUNCHIMAGE_NAME = LaunchImage;
				GCC_PRECOMPILE_PREFIX_HEADER = YES;
				GCC_PREFIX_HEADER = "Reset Master/Reset Master-Prefix.pch";
				INFOPLIST_FILE = "Reset Master/Reset Master-Info.plist";
				PRODUCT_NAME = "$(TARGET_NAME)";
				WRAPPER_EXTENSION = app;
			};
			name = Debug;
		};
		27589E5E18ED19AA00BB768B /* Release */ = {
			isa = XCBuildConfiguration;
			buildSettings = {
				ASSETCATALOG_COMPILER_APPICON_NAME = AppIcon;
				ASSETCATALOG_COMPILER_LAUNCHIMAGE_NAME = LaunchImage;
				GCC_PRECOMPILE_PREFIX_HEADER = YES;
				GCC_PREFIX_HEADER = "Reset Master/Reset Master-Prefix.pch";
				INFOPLIST_FILE = "Reset Master/Reset Master-Info.plist";
				PRODUCT_NAME = "$(TARGET_NAME)";
				WRAPPER_EXTENSION = app;
			};
			name = Release;
		};
		27589E6018ED19AA00BB768B /* Debug */ = {
			isa = XCBuildConfiguration;
			buildSettings = {
				BUNDLE_LOADER = "$(BUILT_PRODUCTS_DIR)/Reset Master.app/Reset Master";
				FRAMEWORK_SEARCH_PATHS = (
					"$(SDKROOT)/Developer/Library/Frameworks",
					"$(inherited)",
					"$(DEVELOPER_FRAMEWORKS_DIR)",
				);
				GCC_PRECOMPILE_PREFIX_HEADER = YES;
				GCC_PREFIX_HEADER = "Reset Master/Reset Master-Prefix.pch";
				GCC_PREPROCESSOR_DEFINITIONS = (
					"DEBUG=1",
					"$(inherited)",
				);
				INFOPLIST_FILE = "Reset MasterTests/Reset MasterTests-Info.plist";
				PRODUCT_NAME = "$(TARGET_NAME)";
				TEST_HOST = "$(BUNDLE_LOADER)";
				WRAPPER_EXTENSION = xctest;
			};
			name = Debug;
		};
		27589E6118ED19AA00BB768B /* Release */ = {
			isa = XCBuildConfiguration;
			buildSettings = {
				BUNDLE_LOADER = "$(BUILT_PRODUCTS_DIR)/Reset Master.app/Reset Master";
				FRAMEWORK_SEARCH_PATHS = (
					"$(SDKROOT)/Developer/Library/Frameworks",
					"$(inherited)",
					"$(DEVELOPER_FRAMEWORKS_DIR)",
				);
				GCC_PRECOMPILE_PREFIX_HEADER = YES;
				GCC_PREFIX_HEADER = "Reset Master/Reset Master-Prefix.pch";
				INFOPLIST_FILE = "Reset MasterTests/Reset MasterTests-Info.plist";
				PRODUCT_NAME = "$(TARGET_NAME)";
				TEST_HOST = "$(BUNDLE_LOADER)";
				WRAPPER_EXTENSION = xctest;
			};
			name = Release;
		};
/* End XCBuildConfiguration section */

/* Begin XCConfigurationList section */
		27589E2518ED19AA00BB768B /* Build configuration list for PBXProject "Reset Master" */ = {
			isa = XCConfigurationList;
			buildConfigurations = (
				27589E5A18ED19AA00BB768B /* Debug */,
				27589E5B18ED19AA00BB768B /* Release */,
			);
			defaultConfigurationIsVisible = 0;
			defaultConfigurationName = Release;
		};
		27589E5C18ED19AA00BB768B /* Build configuration list for PBXNativeTarget "Reset Master" */ = {
			isa = XCConfigurationList;
			buildConfigurations = (
				27589E5D18ED19AA00BB768B /* Debug */,
				27589E5E18ED19AA00BB768B /* Release */,
			);
			defaultConfigurationIsVisible = 0;
			defaultConfigurationName = Release;
		};
		27589E5F18ED19AA00BB768B /* Build configuration list for PBXNativeTarget "Reset MasterTests" */ = {
			isa = XCConfigurationList;
			buildConfigurations = (
				27589E6018ED19AA00BB768B /* Debug */,
				27589E6118ED19AA00BB768B /* Release */,
			);
			defaultConfigurationIsVisible = 0;
			defaultConfigurationName = Release;
		};
/* End XCConfigurationList section */
	};
	rootObject = 27589E2218ED19AA00BB768B /* Project object */;
}
